# This file is generated by running "yarn install" inside your project.
# Manual changes might be lost - proceed with caution!

__metadata:
  version: 8
  cacheKey: 10c0

"@hey-api/json-schema-ref-parser@npm:1.0.6":
  version: 1.0.6
  resolution: "@hey-api/json-schema-ref-parser@npm:1.0.6"
  dependencies:
    "@jsdevtools/ono": "npm:^7.1.3"
    "@types/json-schema": "npm:^7.0.15"
    js-yaml: "npm:^4.1.0"
    lodash: "npm:^4.17.21"
  checksum: 10c0/a3d15b2316ef5a4442131386aa61e196af4f0e01064d5c66a598cf0ea5b9217dce57cb40e98278cdac9548a7e27ecc5cf9146fe301b9371aefd81a0933553252
  languageName: node
  linkType: hard

"@hey-api/openapi-ts@npm:0.81.0":
  version: 0.81.0
  resolution: "@hey-api/openapi-ts@npm:0.81.0"
  dependencies:
    "@hey-api/json-schema-ref-parser": "npm:1.0.6"
    ansi-colors: "npm:4.1.3"
    c12: "npm:2.0.1"
    color-support: "npm:1.1.3"
    commander: "npm:13.0.0"
    handlebars: "npm:4.7.8"
    js-yaml: "npm:4.1.0"
    open: "npm:10.1.2"
    semver: "npm:7.7.2"
  peerDependencies:
    typescript: ^5.5.3
  bin:
    openapi-ts: bin/index.cjs
  checksum: 10c0/a2756fc72e5510bc6f1b96ab05f01dc8848f994735b23b834dd4ad5aa562e5d2633fc20444f20760fe89b33b1a6b98592352a075d34ba653126b32e1d53b4901
  languageName: node
  linkType: hard

"@jsdevtools/ono@npm:^7.1.3":
  version: 7.1.3
  resolution: "@jsdevtools/ono@npm:7.1.3"
  checksum: 10c0/a9f7e3e8e3bc315a34959934a5e2f874c423cf4eae64377d3fc9de0400ed9f36cb5fd5ebce3300d2e8f4085f557c4a8b591427a583729a87841fda46e6c216b9
  languageName: node
  linkType: hard

"@opencode-ai/sdk@npm:^0.6.3":
  version: 0.6.3
  resolution: "@opencode-ai/sdk@npm:0.6.3"
  dependencies:
    "@hey-api/openapi-ts": "npm:0.81.0"
  checksum: 10c0/cc8eebc5c42da1a207c04a76fac1b120b8dcdb8c4ae2669d9dc46cf4ba5c50f0d4cf97a644ec843403294181b66e980566955423c8e355c43a88bd71c9778e7c
  languageName: node
  linkType: hard

"@types/json-schema@npm:^7.0.15":
  version: 7.0.15
  resolution: "@types/json-schema@npm:7.0.15"
  checksum: 10c0/a996a745e6c5d60292f36731dd41341339d4eeed8180bb09226e5c8d23759067692b1d88e5d91d72ee83dfc00d3aca8e7bd43ea120516c17922cbcb7c3e252db
  languageName: node
  linkType: hard

"@vscode/tree-sitter-wasm@npm:^0.1.4":
  version: 0.1.4
  resolution: "@vscode/tree-sitter-wasm@npm:0.1.4"
  checksum: 10c0/31d7c0fb6188707f7d07c25ece64d37763430c34e00a94a5c339b57a07fcc5d89f4d1b37d14bfd52319a1708f06a95cd1b05630128c9772ef40846234bfc2153
  languageName: node
  linkType: hard

"acorn@npm:^8.15.0":
  version: 8.15.0
  resolution: "acorn@npm:8.15.0"
  bin:
    acorn: bin/acorn
  checksum: 10c0/dec73ff59b7d6628a01eebaece7f2bdb8bb62b9b5926dcad0f8931f2b8b79c2be21f6c68ac095592adb5adb15831a3635d9343e6a91d028bbe85d564875ec3ec
  languageName: node
  linkType: hard

"ansi-colors@npm:4.1.3":
  version: 4.1.3
  resolution: "ansi-colors@npm:4.1.3"
  checksum: 10c0/ec87a2f59902f74e61eada7f6e6fe20094a628dab765cfdbd03c3477599368768cffccdb5d3bb19a1b6c99126783a143b1fee31aab729b31ffe5836c7e5e28b9
  languageName: node
  linkType: hard

"argparse@npm:^2.0.1":
  version: 2.0.1
  resolution: "argparse@npm:2.0.1"
  checksum: 10c0/c5640c2d89045371c7cedd6a70212a04e360fd34d6edeae32f6952c63949e3525ea77dbec0289d8213a99bbaeab5abfa860b5c12cf88a2e6cf8106e90dd27a7e
  languageName: node
  linkType: hard

"bundle-name@npm:^4.1.0":
  version: 4.1.0
  resolution: "bundle-name@npm:4.1.0"
  dependencies:
    run-applescript: "npm:^7.0.0"
  checksum: 10c0/8e575981e79c2bcf14d8b1c027a3775c095d362d1382312f444a7c861b0e21513c0bd8db5bd2b16e50ba0709fa622d4eab6b53192d222120305e68359daece29
  languageName: node
  linkType: hard

"c12@npm:2.0.1":
  version: 2.0.1
  resolution: "c12@npm:2.0.1"
  dependencies:
    chokidar: "npm:^4.0.1"
    confbox: "npm:^0.1.7"
    defu: "npm:^6.1.4"
    dotenv: "npm:^16.4.5"
    giget: "npm:^1.2.3"
    jiti: "npm:^2.3.0"
    mlly: "npm:^1.7.1"
    ohash: "npm:^1.1.4"
    pathe: "npm:^1.1.2"
    perfect-debounce: "npm:^1.0.0"
    pkg-types: "npm:^1.2.0"
    rc9: "npm:^2.1.2"
  peerDependencies:
    magicast: ^0.3.5
  peerDependenciesMeta:
    magicast:
      optional: true
  checksum: 10c0/6a019047918102eda28c29988990fdf38aa88df05f94c5e06cbc501365dcdd80df2a7726d17d67882871ca931fd8d025a66d46bbc361275eeb0bcb849a06369a
  languageName: node
  linkType: hard

"chokidar@npm:^4.0.1":
  version: 4.0.3
  resolution: "chokidar@npm:4.0.3"
  dependencies:
    readdirp: "npm:^4.0.1"
  checksum: 10c0/a58b9df05bb452f7d105d9e7229ac82fa873741c0c40ddcc7bb82f8a909fbe3f7814c9ebe9bc9a2bef9b737c0ec6e2d699d179048ef06ad3ec46315df0ebe6ad
  languageName: node
  linkType: hard

"chownr@npm:^2.0.0":
  version: 2.0.0
  resolution: "chownr@npm:2.0.0"
  checksum: 10c0/594754e1303672171cc04e50f6c398ae16128eb134a88f801bf5354fd96f205320f23536a045d9abd8b51024a149696e51231565891d4efdab8846021ecf88e6
  languageName: node
  linkType: hard

"citty@npm:^0.1.6":
  version: 0.1.6
  resolution: "citty@npm:0.1.6"
  dependencies:
    consola: "npm:^3.2.3"
  checksum: 10c0/d26ad82a9a4a8858c7e149d90b878a3eceecd4cfd3e2ed3cd5f9a06212e451fb4f8cbe0fa39a3acb1b3e8f18e22db8ee5def5829384bad50e823d4b301609b48
  languageName: node
  linkType: hard

"color-support@npm:1.1.3":
  version: 1.1.3
  resolution: "color-support@npm:1.1.3"
  bin:
    color-support: bin.js
  checksum: 10c0/8ffeaa270a784dc382f62d9be0a98581db43e11eee301af14734a6d089bd456478b1a8b3e7db7ca7dc5b18a75f828f775c44074020b51c05fc00e6d0992b1cc6
  languageName: node
  linkType: hard

"commander@npm:13.0.0":
  version: 13.0.0
  resolution: "commander@npm:13.0.0"
  checksum: 10c0/8ba1e2b83bfdbcefd967aa505f5f5dc58202aa5f8e10437f61f6980dd8a69f868dba439a261f9fb72fc543c5f6fe58140e37b001a4c70b92ae22527abe94dfe1
  languageName: node
  linkType: hard

"confbox@npm:^0.1.7, confbox@npm:^0.1.8":
  version: 0.1.8
  resolution: "confbox@npm:0.1.8"
  checksum: 10c0/fc2c68d97cb54d885b10b63e45bd8da83a8a71459d3ecf1825143dd4c7f9f1b696b3283e07d9d12a144c1301c2ebc7842380bdf0014e55acc4ae1c9550102418
  languageName: node
  linkType: hard

"consola@npm:^3.2.3, consola@npm:^3.4.0":
  version: 3.4.2
  resolution: "consola@npm:3.4.2"
  checksum: 10c0/7cebe57ecf646ba74b300bcce23bff43034ed6fbec9f7e39c27cee1dc00df8a21cd336b466ad32e304ea70fba04ec9e890c200270de9a526ce021ba8a7e4c11a
  languageName: node
  linkType: hard

"default-browser-id@npm:^5.0.0":
  version: 5.0.0
  resolution: "default-browser-id@npm:5.0.0"
  checksum: 10c0/957fb886502594c8e645e812dfe93dba30ed82e8460d20ce39c53c5b0f3e2afb6ceaec2249083b90bdfbb4cb0f34e1f73fde3d68cac00becdbcfd894156b5ead
  languageName: node
  linkType: hard

"default-browser@npm:^5.2.1":
  version: 5.2.1
  resolution: "default-browser@npm:5.2.1"
  dependencies:
    bundle-name: "npm:^4.1.0"
    default-browser-id: "npm:^5.0.0"
  checksum: 10c0/73f17dc3c58026c55bb5538749597db31f9561c0193cd98604144b704a981c95a466f8ecc3c2db63d8bfd04fb0d426904834cfc91ae510c6aeb97e13c5167c4d
  languageName: node
  linkType: hard

"define-lazy-prop@npm:^3.0.0":
  version: 3.0.0
  resolution: "define-lazy-prop@npm:3.0.0"
  checksum: 10c0/5ab0b2bf3fa58b3a443140bbd4cd3db1f91b985cc8a246d330b9ac3fc0b6a325a6d82bddc0b055123d745b3f9931afeea74a5ec545439a1630b9c8512b0eeb49
  languageName: node
  linkType: hard

"defu@npm:^6.1.4":
  version: 6.1.4
  resolution: "defu@npm:6.1.4"
  checksum: 10c0/2d6cc366262dc0cb8096e429368e44052fdf43ed48e53ad84cc7c9407f890301aa5fcb80d0995abaaf842b3949f154d060be4160f7a46cb2bc2f7726c81526f5
  languageName: node
  linkType: hard

"destr@npm:^2.0.3":
  version: 2.0.5
  resolution: "destr@npm:2.0.5"
  checksum: 10c0/efabffe7312a45ad90d79975376be958c50069f1156b94c181199763a7f971e113bd92227c26b94a169c71ca7dbc13583b7e96e5164743969fc79e1ff153e646
  languageName: node
  linkType: hard

"dotenv@npm:^16.4.5":
  version: 16.6.1
  resolution: "dotenv@npm:16.6.1"
  checksum: 10c0/15ce56608326ea0d1d9414a5c8ee6dcf0fffc79d2c16422b4ac2268e7e2d76ff5a572d37ffe747c377de12005f14b3cc22361e79fc7f1061cce81f77d2c973dc
  languageName: node
  linkType: hard

"fs-minipass@npm:^2.0.0":
  version: 2.1.0
  resolution: "fs-minipass@npm:2.1.0"
  dependencies:
    minipass: "npm:^3.0.0"
  checksum: 10c0/703d16522b8282d7299337539c3ed6edddd1afe82435e4f5b76e34a79cd74e488a8a0e26a636afc2440e1a23b03878e2122e3a2cfe375a5cf63c37d92b86a004
  languageName: node
  linkType: hard

"giget@npm:^1.2.3":
  version: 1.2.5
  resolution: "giget@npm:1.2.5"
  dependencies:
    citty: "npm:^0.1.6"
    consola: "npm:^3.4.0"
    defu: "npm:^6.1.4"
    node-fetch-native: "npm:^1.6.6"
    nypm: "npm:^0.5.4"
    pathe: "npm:^2.0.3"
    tar: "npm:^6.2.1"
  bin:
    giget: dist/cli.mjs
  checksum: 10c0/0c541589b8a10274f5adb6cd34a568829939182f50b3d80f8bb891e974b889f0fc629a5d702920456037cc9c90fba84cf3860bad7a22a46bc51a5c55998f24a9
  languageName: node
  linkType: hard

"handlebars@npm:4.7.8":
  version: 4.7.8
  resolution: "handlebars@npm:4.7.8"
  dependencies:
    minimist: "npm:^1.2.5"
    neo-async: "npm:^2.6.2"
    source-map: "npm:^0.6.1"
    uglify-js: "npm:^3.1.4"
    wordwrap: "npm:^1.0.0"
  dependenciesMeta:
    uglify-js:
      optional: true
  bin:
    handlebars: bin/handlebars
  checksum: 10c0/7aff423ea38a14bb379316f3857fe0df3c5d66119270944247f155ba1f08e07a92b340c58edaa00cfe985c21508870ee5183e0634dcb53dd405f35c93ef7f10d
  languageName: node
  linkType: hard

"is-docker@npm:^3.0.0":
  version: 3.0.0
  resolution: "is-docker@npm:3.0.0"
  bin:
    is-docker: cli.js
  checksum: 10c0/d2c4f8e6d3e34df75a5defd44991b6068afad4835bb783b902fa12d13ebdb8f41b2a199dcb0b5ed2cb78bfee9e4c0bbdb69c2d9646f4106464674d3e697a5856
  languageName: node
  linkType: hard

"is-inside-container@npm:^1.0.0":
  version: 1.0.0
  resolution: "is-inside-container@npm:1.0.0"
  dependencies:
    is-docker: "npm:^3.0.0"
  bin:
    is-inside-container: cli.js
  checksum: 10c0/a8efb0e84f6197e6ff5c64c52890fa9acb49b7b74fed4da7c95383965da6f0fa592b4dbd5e38a79f87fc108196937acdbcd758fcefc9b140e479b39ce1fcd1cd
  languageName: node
  linkType: hard

"is-wsl@npm:^3.1.0":
  version: 3.1.0
  resolution: "is-wsl@npm:3.1.0"
  dependencies:
    is-inside-container: "npm:^1.0.0"
  checksum: 10c0/d3317c11995690a32c362100225e22ba793678fe8732660c6de511ae71a0ff05b06980cf21f98a6bf40d7be0e9e9506f859abe00a1118287d63e53d0a3d06947
  languageName: node
  linkType: hard

"jiti@npm:^2.3.0":
  version: 2.5.1
  resolution: "jiti@npm:2.5.1"
  bin:
    jiti: lib/jiti-cli.mjs
  checksum: 10c0/f0a38d7d8842cb35ffe883038166aa2d52ffd21f1a4fc839ae4076ea7301c22a1f11373f8fc52e2667de7acde8f3e092835620dd6f72a0fbe9296b268b0874bb
  languageName: node
  linkType: hard

"js-yaml@npm:4.1.0, js-yaml@npm:^4.1.0":
  version: 4.1.0
  resolution: "js-yaml@npm:4.1.0"
  dependencies:
    argparse: "npm:^2.0.1"
  bin:
    js-yaml: bin/js-yaml.js
  checksum: 10c0/184a24b4eaacfce40ad9074c64fd42ac83cf74d8c8cd137718d456ced75051229e5061b8633c3366b8aada17945a7a356b337828c19da92b51ae62126575018f
  languageName: node
  linkType: hard

"lodash@npm:^4.17.21":
  version: 4.17.21
  resolution: "lodash@npm:4.17.21"
  checksum: 10c0/d8cbea072bb08655bb4c989da418994b073a608dffa608b09ac04b43a791b12aeae7cd7ad919aa4c925f33b48490b5cfe6c1f71d827956071dae2e7bb3a6b74c
  languageName: node
  linkType: hard

"minimist@npm:^1.2.5":
  version: 1.2.8
  resolution: "minimist@npm:1.2.8"
  checksum: 10c0/19d3fcdca050087b84c2029841a093691a91259a47def2f18222f41e7645a0b7c44ef4b40e88a1e58a40c84d2ef0ee6047c55594d298146d0eb3f6b737c20ce6
  languageName: node
  linkType: hard

"minipass@npm:^3.0.0":
  version: 3.3.6
  resolution: "minipass@npm:3.3.6"
  dependencies:
    yallist: "npm:^4.0.0"
  checksum: 10c0/a114746943afa1dbbca8249e706d1d38b85ed1298b530f5808ce51f8e9e941962e2a5ad2e00eae7dd21d8a4aae6586a66d4216d1a259385e9d0358f0c1eba16c
  languageName: node
  linkType: hard

"minipass@npm:^5.0.0":
  version: 5.0.0
  resolution: "minipass@npm:5.0.0"
  checksum: 10c0/a91d8043f691796a8ac88df039da19933ef0f633e3d7f0d35dcd5373af49131cf2399bfc355f41515dc495e3990369c3858cd319e5c2722b4753c90bf3152462
  languageName: node
  linkType: hard

"minizlib@npm:^2.1.1":
  version: 2.1.2
  resolution: "minizlib@npm:2.1.2"
  dependencies:
    minipass: "npm:^3.0.0"
    yallist: "npm:^4.0.0"
  checksum: 10c0/64fae024e1a7d0346a1102bb670085b17b7f95bf6cfdf5b128772ec8faf9ea211464ea4add406a3a6384a7d87a0cd1a96263692134323477b4fb43659a6cab78
  languageName: node
  linkType: hard

"mkdirp@npm:^1.0.3":
  version: 1.0.4
  resolution: "mkdirp@npm:1.0.4"
  bin:
    mkdirp: bin/cmd.js
  checksum: 10c0/46ea0f3ffa8bc6a5bc0c7081ffc3907777f0ed6516888d40a518c5111f8366d97d2678911ad1a6882bf592fa9de6c784fea32e1687bb94e1f4944170af48a5cf
  languageName: node
  linkType: hard

"mlly@npm:^1.7.1, mlly@npm:^1.7.4":
  version: 1.8.0
  resolution: "mlly@npm:1.8.0"
  dependencies:
    acorn: "npm:^8.15.0"
    pathe: "npm:^2.0.3"
    pkg-types: "npm:^1.3.1"
    ufo: "npm:^1.6.1"
  checksum: 10c0/f174b844ae066c71e9b128046677868e2e28694f0bbeeffbe760b2a9d8ff24de0748d0fde6fabe706700c1d2e11d3c0d7a53071b5ea99671592fac03364604ab
  languageName: node
  linkType: hard

"neo-async@npm:^2.6.2":
  version: 2.6.2
  resolution: "neo-async@npm:2.6.2"
  checksum: 10c0/c2f5a604a54a8ec5438a342e1f356dff4bc33ccccdb6dc668d94fe8e5eccfc9d2c2eea6064b0967a767ba63b33763f51ccf2cd2441b461a7322656c1f06b3f5d
  languageName: node
  linkType: hard

"node-fetch-native@npm:^1.6.6":
  version: 1.6.7
  resolution: "node-fetch-native@npm:1.6.7"
  checksum: 10c0/8b748300fb053d21ca4d3db9c3ff52593d5e8f8a2d9fe90cbfad159676e324b954fdaefab46aeca007b5b9edab3d150021c4846444e4e8ab1f4e44cd3807be87
  languageName: node
  linkType: hard

"nypm@npm:^0.5.4":
  version: 0.5.4
  resolution: "nypm@npm:0.5.4"
  dependencies:
    citty: "npm:^0.1.6"
    consola: "npm:^3.4.0"
    pathe: "npm:^2.0.3"
    pkg-types: "npm:^1.3.1"
    tinyexec: "npm:^0.3.2"
    ufo: "npm:^1.5.4"
  bin:
    nypm: dist/cli.mjs
  checksum: 10c0/4b4661d2e460f4f8e96338669776dc3be4ed895bd34208ac188b5b8b438553aab737d41a5699cdc716f078fba9048b3d40b7d8a55c2544f9453536f837d323dc
  languageName: node
  linkType: hard

"ohash@npm:^1.1.4":
  version: 1.1.6
  resolution: "ohash@npm:1.1.6"
  checksum: 10c0/3c25dde77662fffa3fa956b8975d7324311e3df15d9cf8d79b466ac3508f313e02b8ed3041d967810f68e00af344a5a3c4288be0208143c1844ba0f3cc83f777
  languageName: node
  linkType: hard

"open@npm:10.1.2":
  version: 10.1.2
  resolution: "open@npm:10.1.2"
  dependencies:
    default-browser: "npm:^5.2.1"
    define-lazy-prop: "npm:^3.0.0"
    is-inside-container: "npm:^1.0.0"
    is-wsl: "npm:^3.1.0"
  checksum: 10c0/1bee796f06e549ce764f693272100323fbc04da8fa3c5b0402d6c2d11b3d76fa0aac0be7535e710015ff035326638e3b9a563f3b0e7ac3266473ed5663caae6d
  languageName: node
  linkType: hard

"pathe@npm:^1.1.2":
  version: 1.1.2
  resolution: "pathe@npm:1.1.2"
  checksum: 10c0/64ee0a4e587fb0f208d9777a6c56e4f9050039268faaaaecd50e959ef01bf847b7872785c36483fa5cdcdbdfdb31fef2ff222684d4fc21c330ab60395c681897
  languageName: node
  linkType: hard

"pathe@npm:^2.0.1, pathe@npm:^2.0.3":
  version: 2.0.3
  resolution: "pathe@npm:2.0.3"
  checksum: 10c0/c118dc5a8b5c4166011b2b70608762e260085180bb9e33e80a50dcdb1e78c010b1624f4280c492c92b05fc276715a4c357d1f9edc570f8f1b3d90b6839ebaca1
  languageName: node
  linkType: hard

"perfect-debounce@npm:^1.0.0":
  version: 1.0.0
  resolution: "perfect-debounce@npm:1.0.0"
  checksum: 10c0/e2baac416cae046ef1b270812cf9ccfb0f91c04ea36ac7f5b00bc84cb7f41bdbba087c0ab21b4e02a7ef3a1f1f6db399f137cecec46868bd7d8d88c2a9ee431f
  languageName: node
  linkType: hard

"pkg-types@npm:^1.2.0, pkg-types@npm:^1.3.1":
  version: 1.3.1
  resolution: "pkg-types@npm:1.3.1"
  dependencies:
    confbox: "npm:^0.1.8"
    mlly: "npm:^1.7.4"
    pathe: "npm:^2.0.1"
  checksum: 10c0/19e6cb8b66dcc66c89f2344aecfa47f2431c988cfa3366bdfdcfb1dd6695f87dcce37fbd90fe9d1605e2f4440b77f391e83c23255347c35cf84e7fd774d7fcea
  languageName: node
  linkType: hard

"rc9@npm:^2.1.2":
  version: 2.1.2
  resolution: "rc9@npm:2.1.2"
  dependencies:
    defu: "npm:^6.1.4"
    destr: "npm:^2.0.3"
  checksum: 10c0/a2ead3b94bf033e35e4ea40d70062a09feddb8f589c3f5a8fe4e9342976974296aee9f6e9e72bd5e78e6ae4b7bc16dc244f63699fd7322c16314e3238db982c9
  languageName: node
  linkType: hard

"readdirp@npm:^4.0.1":
  version: 4.1.2
  resolution: "readdirp@npm:4.1.2"
  checksum: 10c0/60a14f7619dec48c9c850255cd523e2717001b0e179dc7037cfa0895da7b9e9ab07532d324bfb118d73a710887d1e35f79c495fa91582784493e085d18c72c62
  languageName: node
  linkType: hard

"root-workspace-0b6124@workspace:.":
  version: 0.0.0-use.local
  resolution: "root-workspace-0b6124@workspace:."
  dependencies:
    "@opencode-ai/sdk": "npm:^0.6.3"
    "@vscode/tree-sitter-wasm": "npm:^0.1.4"
    web-tree-sitter: "npm:^0.25.8"
  languageName: unknown
  linkType: soft

"run-applescript@npm:^7.0.0":
  version: 7.0.0
  resolution: "run-applescript@npm:7.0.0"
  checksum: 10c0/bd821bbf154b8e6c8ecffeaf0c33cebbb78eb2987476c3f6b420d67ab4c5301faa905dec99ded76ebb3a7042b4e440189ae6d85bbbd3fc6e8d493347ecda8bfe
  languageName: node
  linkType: hard

"semver@npm:7.7.2":
  version: 7.7.2
  resolution: "semver@npm:7.7.2"
  bin:
    semver: bin/semver.js
  checksum: 10c0/aca305edfbf2383c22571cb7714f48cadc7ac95371b4b52362fb8eeffdfbc0de0669368b82b2b15978f8848f01d7114da65697e56cd8c37b0dab8c58e543f9ea
  languageName: node
  linkType: hard

"source-map@npm:^0.6.1":
  version: 0.6.1
  resolution: "source-map@npm:0.6.1"
  checksum: 10c0/ab55398007c5e5532957cb0beee2368529618ac0ab372d789806f5718123cc4367d57de3904b4e6a4170eb5a0b0f41373066d02ca0735a0c4d75c7d328d3e011
  languageName: node
  linkType: hard

"tar@npm:^6.2.1":
  version: 6.2.1
  resolution: "tar@npm:6.2.1"
  dependencies:
    chownr: "npm:^2.0.0"
    fs-minipass: "npm:^2.0.0"
    minipass: "npm:^5.0.0"
    minizlib: "npm:^2.1.1"
    mkdirp: "npm:^1.0.3"
    yallist: "npm:^4.0.0"
  checksum: 10c0/a5eca3eb50bc11552d453488344e6507156b9193efd7635e98e867fab275d527af53d8866e2370cd09dfe74378a18111622ace35af6a608e5223a7d27fe99537
  languageName: node
  linkType: hard

"tinyexec@npm:^0.3.2":
  version: 0.3.2
  resolution: "tinyexec@npm:0.3.2"
  checksum: 10c0/3efbf791a911be0bf0821eab37a3445c2ba07acc1522b1fa84ae1e55f10425076f1290f680286345ed919549ad67527d07281f1c19d584df3b74326909eb1f90
  languageName: node
  linkType: hard

"ufo@npm:^1.5.4, ufo@npm:^1.6.1":
  version: 1.6.1
  resolution: "ufo@npm:1.6.1"
  checksum: 10c0/5a9f041e5945fba7c189d5410508cbcbefef80b253ed29aa2e1f8a2b86f4bd51af44ee18d4485e6d3468c92be9bf4a42e3a2b72dcaf27ce39ce947ec994f1e6b
  languageName: node
  linkType: hard

"uglify-js@npm:^3.1.4":
  version: 3.19.3
  resolution: "uglify-js@npm:3.19.3"
  bin:
    uglifyjs: bin/uglifyjs
  checksum: 10c0/83b0a90eca35f778e07cad9622b80c448b6aad457c9ff8e568afed978212b42930a95f9e1be943a1ffa4258a3340fbb899f41461131c05bb1d0a9c303aed8479
  languageName: node
  linkType: hard

"web-tree-sitter@npm:^0.25.8":
  version: 0.25.8
  resolution: "web-tree-sitter@npm:0.25.8"
  checksum: 10c0/3faaef2c7d171ddb14b73a763fa46ffc844761f727a40e60b888eeba8e982cb36e61d4b4638fc4f7dc65174eeea24bf2ffb1ce2f9c86ef0193b1821bff5035ff
  languageName: node
  linkType: hard

"wordwrap@npm:^1.0.0":
  version: 1.0.0
  resolution: "wordwrap@npm:1.0.0"
  checksum: 10c0/7ed2e44f3c33c5c3e3771134d2b0aee4314c9e49c749e37f464bf69f2bcdf0cbf9419ca638098e2717cff4875c47f56a007532f6111c3319f557a2ca91278e92
  languageName: node
  linkType: hard

"yallist@npm:^4.0.0":
  version: 4.0.0
  resolution: "yallist@npm:4.0.0"
  checksum: 10c0/2286b5e8dbfe22204ab66e2ef5cc9bbb1e55dfc873bbe0d568aa943eb255d131890dfd5bf243637273d31119b870f49c18fcde2c6ffbb7a7a092b870dc90625a
  languageName: node
  linkType: hard
